
Microsoft Visual Studio Solution File, Format Version 12.00
# Visual Studio Version 17
VisualStudioVersion = 17.13.35931.197
MinimumVisualStudioVersion = 10.0.40219.1
Project("{FAE04EC0-301F-11D3-BF4B-00C04F79EFBC}") = "LeUs", "LeUs.csproj", "{3CF77FC8-51BA-4D3D-8A6A-4A98EB178994}"
EndProject
Project("{FAE04EC0-301F-11D3-BF4B-00C04F79EFBC}") = "SharedExtension", "..\Libraries\SharedExtension\SharedExtension.csproj", "{D9D287A5-7486-C07E-6292-F41F2CB0614D}"
EndProject
Project("{FAE04EC0-301F-11D3-BF4B-00C04F79EFBC}") = "SharedComponent", "..\Libraries\SharedComponent\SharedComponent.csproj", "{51F18345-E706-29C3-9604-E9CA403CFB1E}"
EndProject
Project("{FAE04EC0-301F-11D3-BF4B-00C04F79EFBC}") = "SharedKernel", "..\Libraries\SharedKernel\SharedKernel.csproj", "{ECC6A4B1-545C-C369-CAA9-5FBCAA5629B4}"
EndProject
Global
	GlobalSection(SolutionConfigurationPlatforms) = preSolution
		Debug|Any CPU = Debug|Any CPU
		Release|Any CPU = Release|Any CPU
	EndGlobalSection
	GlobalSection(ProjectConfigurationPlatforms) = postSolution
		{3CF77FC8-51BA-4D3D-8A6A-4A98EB178994}.Debug|Any CPU.ActiveCfg = Debug|Any CPU
		{3CF77FC8-51BA-4D3D-8A6A-4A98EB178994}.Debug|Any CPU.Build.0 = Debug|Any CPU
		{3CF77FC8-51BA-4D3D-8A6A-4A98EB178994}.Release|Any CPU.ActiveCfg = Release|Any CPU
		{3CF77FC8-51BA-4D3D-8A6A-4A98EB178994}.Release|Any CPU.Build.0 = Release|Any CPU
		{D9D287A5-7486-C07E-6292-F41F2CB0614D}.Debug|Any CPU.ActiveCfg = Debug|Any CPU
		{D9D287A5-7486-C07E-6292-F41F2CB0614D}.Debug|Any CPU.Build.0 = Debug|Any CPU
		{D9D287A5-7486-C07E-6292-F41F2CB0614D}.Release|Any CPU.ActiveCfg = Release|Any CPU
		{D9D287A5-7486-C07E-6292-F41F2CB0614D}.Release|Any CPU.Build.0 = Release|Any CPU
		{51F18345-E706-29C3-9604-E9CA403CFB1E}.Debug|Any CPU.ActiveCfg = Debug|Any CPU
		{51F18345-E706-29C3-9604-E9CA403CFB1E}.Debug|Any CPU.Build.0 = Debug|Any CPU
		{51F18345-E706-29C3-9604-E9CA403CFB1E}.Release|Any CPU.ActiveCfg = Release|Any CPU
		{51F18345-E706-29C3-9604-E9CA403CFB1E}.Release|Any CPU.Build.0 = Release|Any CPU
		{ECC6A4B1-545C-C369-CAA9-5FBCAA5629B4}.Debug|Any CPU.ActiveCfg = Debug|Any CPU
		{ECC6A4B1-545C-C369-CAA9-5FBCAA5629B4}.Debug|Any CPU.Build.0 = Debug|Any CPU
		{ECC6A4B1-545C-C369-CAA9-5FBCAA5629B4}.Release|Any CPU.ActiveCfg = Release|Any CPU
		{ECC6A4B1-545C-C369-CAA9-5FBCAA5629B4}.Release|Any CPU.Build.0 = Release|Any CPU
	EndGlobalSection
	GlobalSection(SolutionProperties) = preSolution
		HideSolutionNode = FALSE
	EndGlobalSection
EndGlobal
